
Microsoft Visual Studio Solution File, Format Version 12.00
# Visual Studio Version 16
VisualStudioVersion = 25.0.1704.0
MinimumVisualStudioVersion = 10.0.40219.1
Project("{FAE04EC0-301F-11D3-BF4B-00C04F79EFBC}") = "roman_numbers", "roman_numbers\roman_numbers.csproj", "{FB915EB9-7816-401C-ACB0-C351E0B7A14A}"
EndProject
Global
	GlobalSection(SolutionConfigurationPlatforms) = preSolution
		Debug|Any CPU = Debug|Any CPU
		Release|Any CPU = Release|Any CPU
	EndGlobalSection
	GlobalSection(ProjectConfigurationPlatforms) = postSolution
		{FB915EB9-7816-401C-ACB0-C351E0B7A14A}.Debug|Any CPU.ActiveCfg = Debug|Any CPU
		{FB915EB9-7816-401C-ACB0-C351E0B7A14A}.Debug|Any CPU.Build.0 = Debug|Any CPU
		{FB915EB9-7816-401C-ACB0-C351E0B7A14A}.Release|Any CPU.ActiveCfg = Release|Any CPU
		{FB915EB9-7816-401C-ACB0-C351E0B7A14A}.Release|Any CPU.Build.0 = Release|Any CPU
	EndGlobalSection
	GlobalSection(SolutionProperties) = preSolution
		HideSolutionNode = FALSE
	EndGlobalSection
	GlobalSection(ExtensibilityGlobals) = postSolution
		SolutionGuid = {BEA885DB-DA2F-41EB-9F50-96A5D1703A71}
	EndGlobalSection
EndGlobal
