
Microsoft Visual Studio Solution File, Format Version 12.00
# Visual Studio Version 16
VisualStudioVersion = 16.0.32802.440
MinimumVisualStudioVersion = 10.0.40219.1
Project("{FAE04EC0-301F-11D3-BF4B-00C04F79EFBC}") = "football_groups", "football_groups\football_groups.csproj", "{D2FF5645-10CB-413B-91DD-D247BB71D6EB}"
EndProject
Global
	GlobalSection(SolutionConfigurationPlatforms) = preSolution
		Debug|Any CPU = Debug|Any CPU
		Release|Any CPU = Release|Any CPU
	EndGlobalSection
	GlobalSection(ProjectConfigurationPlatforms) = postSolution
		{D2FF5645-10CB-413B-91DD-D247BB71D6EB}.Debug|Any CPU.ActiveCfg = Debug|Any CPU
		{D2FF5645-10CB-413B-91DD-D247BB71D6EB}.Debug|Any CPU.Build.0 = Debug|Any CPU
		{D2FF5645-10CB-413B-91DD-D247BB71D6EB}.Release|Any CPU.ActiveCfg = Release|Any CPU
		{D2FF5645-10CB-413B-91DD-D247BB71D6EB}.Release|Any CPU.Build.0 = Release|Any CPU
	EndGlobalSection
	GlobalSection(SolutionProperties) = preSolution
		HideSolutionNode = FALSE
	EndGlobalSection
	GlobalSection(ExtensibilityGlobals) = postSolution
		SolutionGuid = {CD9DB954-BD17-4B75-83C4-A62AE4AB485E}
	EndGlobalSection
EndGlobal
